
Microsoft Visual Studio Solution File, Format Version 12.00
# Visual Studio Version 17
VisualStudioVersion = 17.9.34723.18
MinimumVisualStudioVersion = 10.0.40219.1
Project("{FAE04EC0-301F-11D3-BF4B-00C04F79EFBC}") = "Mustix", "Mustix\Mustix.csproj", "{17A028BB-5BBE-4095-AEE3-3ED4FE96B47B}"
EndProject
Global
	GlobalSection(SolutionConfigurationPlatforms) = preSolution
		Debug|Any CPU = Debug|Any CPU
		Release|Any CPU = Release|Any CPU
	EndGlobalSection
	GlobalSection(ProjectConfigurationPlatforms) = postSolution
		{17A028BB-5BBE-4095-AEE3-3ED4FE96B47B}.Debug|Any CPU.ActiveCfg = Debug|Any CPU
		{17A028BB-5BBE-4095-AEE3-3ED4FE96B47B}.Debug|Any CPU.Build.0 = Debug|Any CPU
		{17A028BB-5BBE-4095-AEE3-3ED4FE96B47B}.Release|Any CPU.ActiveCfg = Release|Any CPU
		{17A028BB-5BBE-4095-AEE3-3ED4FE96B47B}.Release|Any CPU.Build.0 = Release|Any CPU
	EndGlobalSection
	GlobalSection(SolutionProperties) = preSolution
		HideSolutionNode = FALSE
	EndGlobalSection
	GlobalSection(ExtensibilityGlobals) = postSolution
		SolutionGuid = {FA8372C1-C404-41E6-B39D-FBB9D654B1ED}
	EndGlobalSection
EndGlobal
